
Microsoft Visual Studio Solution File, Format Version 12.00
# Visual Studio Version 16
VisualStudioVersion = 16.0.31911.196
MinimumVisualStudioVersion = 10.0.40219.1
Project("{FAE04EC0-301F-11D3-BF4B-00C04F79EFBC}") = "AwaitFail2", "AwaitFail2\AwaitFail2.csproj", "{75A2DAD2-4577-4F12-8EE1-499BEC2968A4}"
EndProject
Global
	GlobalSection(SolutionConfigurationPlatforms) = preSolution
		Debug|Any CPU = Debug|Any CPU
		Release|Any CPU = Release|Any CPU
	EndGlobalSection
	GlobalSection(ProjectConfigurationPlatforms) = postSolution
		{75A2DAD2-4577-4F12-8EE1-499BEC2968A4}.Debug|Any CPU.ActiveCfg = Debug|Any CPU
		{75A2DAD2-4577-4F12-8EE1-499BEC2968A4}.Debug|Any CPU.Build.0 = Debug|Any CPU
		{75A2DAD2-4577-4F12-8EE1-499BEC2968A4}.Release|Any CPU.ActiveCfg = Release|Any CPU
		{75A2DAD2-4577-4F12-8EE1-499BEC2968A4}.Release|Any CPU.Build.0 = Release|Any CPU
	EndGlobalSection
	GlobalSection(SolutionProperties) = preSolution
		HideSolutionNode = FALSE
	EndGlobalSection
	GlobalSection(ExtensibilityGlobals) = postSolution
		SolutionGuid = {0953D6E1-8AD9-4525-B03A-2A7C4F695DF1}
	EndGlobalSection
EndGlobal
